// !$*UTF8*$!
{
	archiveVersion = 1;
	classes = {
	};
	objectVersion = 50;
	objects = {

/* Begin PBXBuildFile section */
		499B21DD215B86AE002935B5 /* AppDelegate.m in Sources */ = {isa = PBXBuildFile; fileRef = 499B21DC215B86AE002935B5 /* AppDelegate.m */; };
		499B21E0215B86AE002935B5 /* ViewController.m in Sources */ = {isa = PBXBuildFile; fileRef = 499B21DF215B86AE002935B5 /* ViewController.m */; };
		499B21E3215B86AE002935B5 /* Main.storyboard in Resources */ = {isa = PBXBuildFile; fileRef = 499B21E1215B86AE002935B5 /* Main.storyboard */; };
		499B21E5215B86AF002935B5 /* Assets.xcassets in Resources */ = {isa = PBXBuildFile; fileRef = 499B21E4215B86AF002935B5 /* Assets.xcassets */; };
		499B21E8215B86AF002935B5 /* LaunchScreen.storyboard in Resources */ = {isa = PBXBuildFile; fileRef = 499B21E6215B86AF002935B5 /* LaunchScreen.storyboard */; };
		499B21EB215B86AF002935B5 /* main.m in Sources */ = {isa = PBXBuildFile; fileRef = 499B21EA215B86AF002935B5 /* main.m */; };
/* End PBXBuildFile section */

/* Begin PBXFileReference section */
		499B21D8215B86AE002935B5 /* CashKangaroo.app */ = {isa = PBXFileReference; explicitFileType = wrapper.application; includeInIndex = 0; path = CashKangaroo.app; sourceTree = BUILT_PRODUCTS_DIR; };
		499B21DB215B86AE002935B5 /* AppDelegate.h */ = {isa = PBXFileReference; lastKnownFileType = sourcecode.c.h; path = AppDelegate.h; sourceTree = "<group>"; };
		499B21DC215B86AE002935B5 /* AppDelegate.m */ = {isa = PBXFileReference; lastKnownFileType = sourcecode.c.objc; path = AppDelegate.m; sourceTree = "<group>"; };
		499B21DE215B86AE002935B5 /* ViewController.h */ = {isa = PBXFileReference; lastKnownFileType = sourcecode.c.h; path = ViewController.h; sourceTree = "<group>"; };
		499B21DF215B86AE002935B5 /* ViewController.m */ = {isa = PBXFileReference; lastKnownFileType = sourcecode.c.objc; path = ViewController.m; sourceTree = "<group>"; };
		499B21E2215B86AE002935B5 /* Base */ = {isa = PBXFileReference; lastKnownFileType = file.storyboard; name = Base; path = Base.lproj/Main.storyboard; sourceTree = "<group>"; };
		499B21E4215B86AF002935B5 /* Assets.xcassets */ = {isa = PBXFileReference; lastKnownFileType = folder.assetcatalog; path = Assets.xcassets; sourceTree = "<group>"; };
		499B21E7215B86AF002935B5 /* Base */ = {isa = PBXFileReference; lastKnownFileType = file.storyboard; name = Base; path = Base.lproj/LaunchScreen.storyboard; sourceTree = "<group>"; };
		499B21E9215B86AF002935B5 /* Info.plist */ = {isa = PBXFileReference; lastKnownFileType = text.plist.xml; path = Info.plist; sourceTree = "<group>"; };
		499B21EA215B86AF002935B5 /* main.m */ = {isa = PBXFileReference; lastKnownFileType = sourcecode.c.objc; path = main.m; sourceTree = "<group>"; };
/* End PBXFileReference section */

/* Begin PBXFrameworksBuildPhase section */
		499B21D5215B86AE002935B5 /* Frameworks */ = {
			isa = PBXFrameworksBuildPhase;
			buildActionMask = 2147483647;
			files = (
			);
			runOnlyForDeploymentPostprocessing = 0;
		};
/* End PBXFrameworksBuildPhase section */

/* Begin PBXGroup section */
		499B21CF215B86AE002935B5 = {
			isa = PBXGroup;
			children = (
				499B21DA215B86AE002935B5 /* CashKangaroo */,
				499B21D9215B86AE002935B5 /* Products */,
			);
			sourceTree = "<group>";
		};
		499B21D9215B86AE002935B5 /* Products */ = {
			isa = PBXGroup;
			children = (
				499B21D8215B86AE002935B5 /* CashKangaroo.app */,
			);
			name = Products;
			sourceTree = "<group>";
		};
		499B21DA215B86AE002935B5 /* CashKangaroo */ = {
			isa = PBXGroup;
			children = (
				499B21DB215B86AE002935B5 /* AppDelegate.h */,
				499B21DC215B86AE002935B5 /* AppDelegate.m */,
				499B21DE215B86AE002935B5 /* ViewController.h */,
				499B21DF215B86AE002935B5 /* ViewController.m */,
				499B21E1215B86AE002935B5 /* Main.storyboard */,
				499B21E4215B86AF002935B5 /* Assets.xcassets */,
				499B21E6215B86AF002935B5 /* LaunchScreen.storyboard */,
				499B21E9215B86AF002935B5 /* Info.plist */,
				499B21EA215B86AF002935B5 /* main.m */,
			);
			path = CashKangaroo;
			sourceTree = "<group>";
		};
/* End PBXGroup section */

/* Begin PBXNativeTarget section */
		499B21D7215B86AE002935B5 /* CashKangaroo */ = {
			isa = PBXNativeTarget;
			buildConfigurationList = 499B21EE215B86AF002935B5 /* Build configuration list for PBXNativeTarget "CashKangaroo" */;
			buildPhases = (
				499B21D4215B86AE002935B5 /* Sources */,
				499B21D5215B86AE002935B5 /* Frameworks */,
				499B21D6215B86AE002935B5 /* Resources */,
			);
			buildRules = (
			);
			dependencies = (
			);
			name = CashKangaroo;
			productName = CashKangaroo;
			productReference = 499B21D8215B86AE002935B5 /* CashKangaroo.app */;
			productType = "com.apple.product-type.application";
		};
/* End PBXNativeTarget section */

/* Begin PBXProject section */
		499B21D0215B86AE002935B5 /* Project object */ = {
			isa = PBXProject;
			attributes = {
				LastUpgradeCheck = 1000;
				ORGANIZATIONNAME = Hugin;
				TargetAttributes = {
					499B21D7215B86AE002935B5 = {
						CreatedOnToolsVersion = 10.0;
					};
				};
			};
			buildConfigurationList = 499B21D3215B86AE002935B5 /* Build configuration list for PBXProject "CashKangaroo" */;
			compatibilityVersion = "Xcode 9.3";
			developmentRegion = en;
			hasScannedForEncodings = 0;
			knownRegions = (
				en,
				Base,
			);
			mainGroup = 499B21CF215B86AE002935B5;
			productRefGroup = 499B21D9215B86AE002935B5 /* Products */;
			projectDirPath = "";
			projectRoot = "";
			targets = (
				499B21D7215B86AE002935B5 /* CashKangaroo */,
			);
		};
/* End PBXProject section */

/* Begin PBXResourcesBuildPhase section */
		499B21D6215B86AE002935B5 /* Resources */ = {
			isa = PBXResourcesBuildPhase;
			buildActionMask = 2147483647;
			files = (
				499B21E8215B86AF002935B5 /* LaunchScreen.storyboard in Resources */,
				499B21E5215B86AF002935B5 /* Assets.xcassets in Resources */,
				499B21E3215B86AE002935B5 /* Main.storyboard in Resources */,
			);
			runOnlyForDeploymentPostprocessing = 0;
		};
/* End PBXResourcesBuildPhase section */

/* Begin PBXSourcesBuildPhase section */
		499B21D4215B86AE002935B5 /* Sources */ = {
			isa = PBXSourcesBuildPhase;
			buildActionMask = 2147483647;
			files = (
				499B21E0215B86AE002935B5 /* ViewController.m in Sources */,
				499B21EB215B86AF002935B5 /* main.m in Sources */,
				499B21DD215B86AE002935B5 /* AppDelegate.m in Sources */,
			);
			runOnlyForDeploymentPostprocessing = 0;
		};
/* End PBXSourcesBuildPhase section */

/* Begin PBXVariantGroup section */
		499B21E1215B86AE002935B5 /* Main.storyboard */ = {
			isa = PBXVariantGroup;
			children = (
				499B21E2215B86AE002935B5 /* Base */,
			);
			name = Main.storyboard;
			sourceTree = "<group>";
		};
		499B21E6215B86AF002935B5 /* LaunchScreen.storyboard */ = {
			isa = PBXVariantGroup;
			children = (
				499B21E7215B86AF002935B5 /* Base */,
			);
			name = LaunchScreen.storyboard;
			sourceTree = "<group>";
		};
/* End PBXVariantGroup section */

/* Begin XCBuildConfiguration section */
		499B21EC215B86AF002935B5 /* Debug */ = {
			isa = XCBuildConfiguration;
			buildSettings = {
				ALWAYS_SEARCH_USER_PATHS = NO;
				CLANG_ANALYZER_NONNULL = YES;
				CLANG_ANALYZER_NUMBER_OBJECT_CONVERSION = YES_AGGRESSIVE;
				CLANG_CXX_LANGUAGE_STANDARD = "gnu++14";
				CLANG_CXX_LIBRARY = "libc++";
				CLANG_ENABLE_MODULES = YES;
				CLANG_ENABLE_OBJC_ARC = YES;
				CLANG_ENABLE_OBJC_WEAK = YES;
				CLANG_WARN_BLOCK_CAPTURE_AUTORELEASING = YES;
				CLANG_WARN_BOOL_CONVERSION = YES;
				CLANG_WARN_COMMA = YES;
				CLANG_WARN_CONSTANT_CONVERSION = YES;
				CLANG_WARN_DEPRECATED_OBJC_IMPLEMENTATIONS = YES;
				CLANG_WARN_DIRECT_OBJC_ISA_USAGE = YES_ERROR;
				CLANG_WARN_DOCUMENTATION_COMMENTS = YES;
				CLANG_WARN_EMPTY_BODY = YES;
				CLANG_WARN_ENUM_CONVERSION = YES;
				CLANG_WARN_INFINITE_RECURSION = YES;
				CLANG_WARN_INT_CONVERSION = YES;
				CLANG_WARN_NON_LITERAL_NULL_CONVERSION = YES;
				CLANG_WARN_OBJC_IMPLICIT_RETAIN_SELF = YES;
				CLANG_WARN_OBJC_LITERAL_CONVERSION = YES;
				CLANG_WARN_OBJC_ROOT_CLASS = YES_ERROR;
				CLANG_WARN_RANGE_LOOP_ANALYSIS = YES;
				CLANG_WARN_STRICT_PROTOTYPES = YES;
				CLANG_WARN_SUSPICIOUS_MOVE = YES;
				CLANG_WARN_UNGUARDED_AVAILABILITY = YES_AGGRESSIVE;
				CLANG_WARN_UNREACHABLE_CODE = YES;
				CLANG_WARN__DUPLICATE_METHOD_MATCH = YES;
				CODE_SIGN_IDENTITY = "iPhone Developer";
				COPY_PHASE_STRIP = NO;
				DEBUG_INFORMATION_FORMAT = dwarf;
				ENABLE_STRICT_OBJC_MSGSEND = YES;
				ENABLE_TESTABILITY = YES;
				GCC_C_LANGUAGE_STANDARD = gnu11;
				GCC_DYNAMIC_NO_PIC = NO;
				GCC_NO_COMMON_BLOCKS = YES;
				GCC_OPTIMIZATION_LEVEL = 0;
				GCC_PREPROCESSOR_DEFINITIONS = (
					"DEBUG=1",
					"$(inherited)",
				);
				GCC_WARN_64_TO_32_BIT_CONVERSION = YES;
				GCC_WARN_ABOUT_RETURN_TYPE = YES_ERROR;
				GCC_WARN_UNDECLARED_SELECTOR = YES;
				GCC_WARN_UNINITIALIZED_AUTOS = YES_AGGRESSIVE;
				GCC_WARN_UNUSED_FUNCTION = YES;
				GCC_WARN_UNUSED_VARIABLE = YES;
				IPHONEOS_DEPLOYMENT_TARGET = 12.0;
				MTL_ENABLE_DEBUG_INFO = INCLUDE_SOURCE;
				MTL_FAST_MATH = YES;
				ONLY_ACTIVE_ARCH = YES;
				SDKROOT = iphoneos;
			};
			name = Debug;
		};
		499B21ED215B86AF002935B5 /* Release */ = {
			isa = XCBuildConfiguration;
			buildSettings = {
				ALWAYS_SEARCH_USER_PATHS = NO;
				CLANG_ANALYZER_NONNULL = YES;
				CLANG_ANALYZER_NUMBER_OBJECT_CONVERSION = YES_AGGRESSIVE;
				CLANG_CXX_LANGUAGE_STANDARD = "gnu++14";
				CLANG_CXX_LIBRARY = "libc++";
				CLANG_ENABLE_MODULES = YES;
				CLANG_ENABLE_OBJC_ARC = YES;
				CLANG_ENABLE_OBJC_WEAK = YES;
				CLANG_WARN_BLOCK_CAPTURE_AUTORELEASING = YES;
				CLANG_WARN_BOOL_CONVERSION = YES;
				CLANG_WARN_COMMA = YES;
				CLANG_WARN_CONSTANT_CONVERSION = YES;
				CLANG_WARN_DEPRECATED_OBJC_IMPLEMENTATIONS = YES;
				CLANG_WARN_DIRECT_OBJC_ISA_USAGE = YES_ERROR;
				CLANG_WARN_DOCUMENTATION_COMMENTS = YES;
				CLANG_WARN_EMPTY_BODY = YES;
				CLANG_WARN_ENUM_CONVERSION = YES;
				CLANG_WARN_INFINITE_RECURSION = YES;
				CLANG_WARN_INT_CONVERSION = YES;
				CLANG_WARN_NON_LITERAL_NULL_CONVERSION = YES;
				CLANG_WARN_OBJC_IMPLICIT_RETAIN_SELF = YES;
				CLANG_WARN_OBJC_LITERAL_CONVERSION = YES;
				CLANG_WARN_OBJC_ROOT_CLASS = YES_ERROR;
				CLANG_WARN_RANGE_LOOP_ANALYSIS = YES;
				CLANG_WARN_STRICT_PROTOTYPES = YES;
				CLANG_WARN_SUSPICIOUS_MOVE = YES;
				CLANG_WARN_UNGUARDED_AVAILABILITY = YES_AGGRESSIVE;
				CLANG_WARN_UNREACHABLE_CODE = YES;
				CLANG_WARN__DUPLICATE_METHOD_MATCH = YES;
				CODE_SIGN_IDENTITY = "iPhone Developer";
				COPY_PHASE_STRIP = NO;
				DEBUG_INFORMATION_FORMAT = "dwarf-with-dsym";
				ENABLE_NS_ASSERTIONS = NO;
				ENABLE_STRICT_OBJC_MSGSEND = YES;
				GCC_C_LANGUAGE_STANDARD = gnu11;
				GCC_NO_COMMON_BLOCKS = YES;
				GCC_WARN_64_TO_32_BIT_CONVERSION = YES;
				GCC_WARN_ABOUT_RETURN_TYPE = YES_ERROR;
				GCC_WARN_UNDECLARED_SELECTOR = YES;
				GCC_WARN_UNINITIALIZED_AUTOS = YES_AGGRESSIVE;
				GCC_WARN_UNUSED_FUNCTION = YES;
				GCC_WARN_UNUSED_VARIABLE = YES;
				IPHONEOS_DEPLOYMENT_TARGET = 12.0;
				MTL_ENABLE_DEBUG_INFO = NO;
				MTL_FAST_MATH = YES;
				SDKROOT = iphoneos;
				VALIDATE_PRODUCT = YES;
			};
			name = Release;
		};
		499B21EF215B86AF002935B5 /* Debug */ = {
			isa = XCBuildConfiguration;
			buildSettings = {
				ASSETCATALOG_COMPILER_APPICON_NAME = AppIcon;
				CODE_SIGN_STYLE = Automatic;
				DEVELOPMENT_TEAM = TX75TY882V;
				INFOPLIST_FILE = CashKangaroo/Info.plist;
				LD_RUNPATH_SEARCH_PATHS = (
					"$(inherited)",
					"@executable_path/Frameworks",
				);
				PRODUCT_BUNDLE_IDENTIFIER = com.CashKangaroo.CashKangaroo;
				PRODUCT_NAME = "$(TARGET_NAME)";
				TARGETED_DEVICE_FAMILY = "1,2";
			};
			name = Debug;
		};
		499B21F0215B86AF002935B5 /* Release */ = {
			isa = XCBuildConfiguration;
			buildSettings = {
				ASSETCATALOG_COMPILER_APPICON_NAME = AppIcon;
				CODE_SIGN_STYLE = Automatic;
				DEVELOPMENT_TEAM = TX75TY882V;
				INFOPLIST_FILE = CashKangaroo/Info.plist;
				LD_RUNPATH_SEARCH_PATHS = (
					"$(inherited)",
					"@executable_path/Frameworks",
				);
				PRODUCT_BUNDLE_IDENTIFIER = com.CashKangaroo.CashKangaroo;
				PRODUCT_NAME = "$(TARGET_NAME)";
				TARGETED_DEVICE_FAMILY = "1,2";
			};
			name = Release;
		};
/* End XCBuildConfiguration section */

/* Begin XCConfigurationList section */
		499B21D3215B86AE002935B5 /* Build configuration list for PBXProject "CashKangaroo" */ = {
			isa = XCConfigurationList;
			buildConfigurations = (
				499B21EC215B86AF002935B5 /* Debug */,
				499B21ED215B86AF002935B5 /* Release */,
			);
			defaultConfigurationIsVisible = 0;
			defaultConfigurationName = Release;
		};
		499B21EE215B86AF002935B5 /* Build configuration list for PBXNativeTarget "CashKangaroo" */ = {
			isa = XCConfigurationList;
			buildConfigurations = (
				499B21EF215B86AF002935B5 /* Debug */,
				499B21F0215B86AF002935B5 /* Release */,
			);
			defaultConfigurationIsVisible = 0;
			defaultConfigurationName = Release;
		};
/* End XCConfigurationList section */
	};
	rootObject = 499B21D0215B86AE002935B5 /* Project object */;
}
